Microsoft Visual Studio Solution File, Format Version 8.00
Project("{FAE04EC0-301F-11D3-BF4B-00C04F79EFBC}") = "gsa_simulator", "http://localhost/gsa/gsa_simulator.csproj", "{1CE924E2-AA0C-4620-8462-B3150AE0AB02}"
	ProjectSection(ProjectDependencies) = postProject
	EndProjectSection
EndProject
Global
	GlobalSection(SolutionConfiguration) = preSolution
		Debug = Debug
		Release = Release
	EndGlobalSection
	GlobalSection(ProjectConfiguration) = postSolution
		{1CE924E2-AA0C-4620-8462-B3150AE0AB02}.Debug.ActiveCfg = Debug|.NET
		{1CE924E2-AA0C-4620-8462-B3150AE0AB02}.Debug.Build.0 = Debug|.NET
		{1CE924E2-AA0C-4620-8462-B3150AE0AB02}.Release.ActiveCfg = Release|.NET
		{1CE924E2-AA0C-4620-8462-B3150AE0AB02}.Release.Build.0 = Release|.NET
	EndGlobalSection
	GlobalSection(ExtensibilityGlobals) = postSolution
	EndGlobalSection
	GlobalSection(ExtensibilityAddIns) = postSolution
	EndGlobalSection
EndGlobal
