
Microsoft Visual Studio Solution File, Format Version 10.00
# Visual Studio 2008
Project("{FAE04EC0-301F-11D3-BF4B-00C04F79EFBC}") = "GSBControlPanel", "GSBControlPanel\GSBControlPanel.csproj", "{2E2119CE-4271-4BA2-986D-BD50FBF2A20E}"
EndProject
Project("{FAE04EC0-301F-11D3-BF4B-00C04F79EFBC}") = "GSBCleanUpGSASettings", "GSBCleanUpGSASettings\GSBCleanUpGSASettings.csproj", "{6231F075-55FC-4E5A-9C24-C42D9D126777}"
EndProject
Project("{FAE04EC0-301F-11D3-BF4B-00C04F79EFBC}") = "SAMLBridgeConfiguation", "SAMLBridgeConfiguation\SAMLBridgeConfiguation.csproj", "{28BF7837-3004-403E-AA41-592E71C67258}"
EndProject
Project("{FAE04EC0-301F-11D3-BF4B-00C04F79EFBC}") = "CheckConnectivity", "CheckConnectivityApp\CheckConnectivity.csproj", "{953D8082-D796-4E96-8AD0-381B4CAB36D5}"
EndProject
Project("{FAE04EC0-301F-11D3-BF4B-00C04F79EFBC}") = "DetectNCreateLinksFromSiteID", "DetectNCreateLinksFromSiteID\DetectNCreateLinksFromSiteID.csproj", "{E6E050B6-0514-4016-85D4-971DCEFB441B}"
EndProject
Project("{FAE04EC0-301F-11D3-BF4B-00C04F79EFBC}") = "CleanUpStaleWebSites", "CleanUpStaleWebSites\CleanUpStaleWebSites.csproj", "{6943A9CB-AF15-49A6-A03C-24DFD2F79F5E}"
EndProject
Global
	GlobalSection(SolutionConfigurationPlatforms) = preSolution
		Debug|Any CPU = Debug|Any CPU
		Debug|Mixed Platforms = Debug|Mixed Platforms
		Debug|x86 = Debug|x86
		Release|Any CPU = Release|Any CPU
		Release|Mixed Platforms = Release|Mixed Platforms
		Release|x86 = Release|x86
	EndGlobalSection
	GlobalSection(ProjectConfigurationPlatforms) = postSolution
		{2E2119CE-4271-4BA2-986D-BD50FBF2A20E}.Debug|Any CPU.ActiveCfg = Debug|Any CPU
		{2E2119CE-4271-4BA2-986D-BD50FBF2A20E}.Debug|Any CPU.Build.0 = Debug|Any CPU
		{2E2119CE-4271-4BA2-986D-BD50FBF2A20E}.Debug|Mixed Platforms.ActiveCfg = Debug|Any CPU
		{2E2119CE-4271-4BA2-986D-BD50FBF2A20E}.Debug|Mixed Platforms.Build.0 = Debug|Any CPU
		{2E2119CE-4271-4BA2-986D-BD50FBF2A20E}.Debug|x86.ActiveCfg = Debug|Any CPU
		{2E2119CE-4271-4BA2-986D-BD50FBF2A20E}.Release|Any CPU.ActiveCfg = Release|Any CPU
		{2E2119CE-4271-4BA2-986D-BD50FBF2A20E}.Release|Any CPU.Build.0 = Release|Any CPU
		{2E2119CE-4271-4BA2-986D-BD50FBF2A20E}.Release|Mixed Platforms.ActiveCfg = Release|Any CPU
		{2E2119CE-4271-4BA2-986D-BD50FBF2A20E}.Release|Mixed Platforms.Build.0 = Release|Any CPU
		{2E2119CE-4271-4BA2-986D-BD50FBF2A20E}.Release|x86.ActiveCfg = Release|Any CPU
		{6231F075-55FC-4E5A-9C24-C42D9D126777}.Debug|Any CPU.ActiveCfg = Debug|Any CPU
		{6231F075-55FC-4E5A-9C24-C42D9D126777}.Debug|Any CPU.Build.0 = Debug|Any CPU
		{6231F075-55FC-4E5A-9C24-C42D9D126777}.Debug|Mixed Platforms.ActiveCfg = Debug|Any CPU
		{6231F075-55FC-4E5A-9C24-C42D9D126777}.Debug|Mixed Platforms.Build.0 = Debug|Any CPU
		{6231F075-55FC-4E5A-9C24-C42D9D126777}.Debug|x86.ActiveCfg = Debug|Any CPU
		{6231F075-55FC-4E5A-9C24-C42D9D126777}.Release|Any CPU.ActiveCfg = Release|Any CPU
		{6231F075-55FC-4E5A-9C24-C42D9D126777}.Release|Any CPU.Build.0 = Release|Any CPU
		{6231F075-55FC-4E5A-9C24-C42D9D126777}.Release|Mixed Platforms.ActiveCfg = Release|Any CPU
		{6231F075-55FC-4E5A-9C24-C42D9D126777}.Release|Mixed Platforms.Build.0 = Release|Any CPU
		{6231F075-55FC-4E5A-9C24-C42D9D126777}.Release|x86.ActiveCfg = Release|Any CPU
		{28BF7837-3004-403E-AA41-592E71C67258}.Debug|Any CPU.ActiveCfg = Debug|Any CPU
		{28BF7837-3004-403E-AA41-592E71C67258}.Debug|Any CPU.Build.0 = Debug|Any CPU
		{28BF7837-3004-403E-AA41-592E71C67258}.Debug|Mixed Platforms.ActiveCfg = Debug|Any CPU
		{28BF7837-3004-403E-AA41-592E71C67258}.Debug|Mixed Platforms.Build.0 = Debug|Any CPU
		{28BF7837-3004-403E-AA41-592E71C67258}.Debug|x86.ActiveCfg = Debug|Any CPU
		{28BF7837-3004-403E-AA41-592E71C67258}.Release|Any CPU.ActiveCfg = Release|Any CPU
		{28BF7837-3004-403E-AA41-592E71C67258}.Release|Any CPU.Build.0 = Release|Any CPU
		{28BF7837-3004-403E-AA41-592E71C67258}.Release|Mixed Platforms.ActiveCfg = Release|Any CPU
		{28BF7837-3004-403E-AA41-592E71C67258}.Release|Mixed Platforms.Build.0 = Release|Any CPU
		{28BF7837-3004-403E-AA41-592E71C67258}.Release|x86.ActiveCfg = Release|Any CPU
		{953D8082-D796-4E96-8AD0-381B4CAB36D5}.Debug|Any CPU.ActiveCfg = Debug|Any CPU
		{953D8082-D796-4E96-8AD0-381B4CAB36D5}.Debug|Any CPU.Build.0 = Debug|Any CPU
		{953D8082-D796-4E96-8AD0-381B4CAB36D5}.Debug|Mixed Platforms.ActiveCfg = Debug|Any CPU
		{953D8082-D796-4E96-8AD0-381B4CAB36D5}.Debug|Mixed Platforms.Build.0 = Debug|Any CPU
		{953D8082-D796-4E96-8AD0-381B4CAB36D5}.Debug|x86.ActiveCfg = Debug|Any CPU
		{953D8082-D796-4E96-8AD0-381B4CAB36D5}.Release|Any CPU.ActiveCfg = Release|Any CPU
		{953D8082-D796-4E96-8AD0-381B4CAB36D5}.Release|Any CPU.Build.0 = Release|Any CPU
		{953D8082-D796-4E96-8AD0-381B4CAB36D5}.Release|Mixed Platforms.ActiveCfg = Release|Any CPU
		{953D8082-D796-4E96-8AD0-381B4CAB36D5}.Release|Mixed Platforms.Build.0 = Release|Any CPU
		{953D8082-D796-4E96-8AD0-381B4CAB36D5}.Release|x86.ActiveCfg = Release|Any CPU
		{E6E050B6-0514-4016-85D4-971DCEFB441B}.Debug|Any CPU.ActiveCfg = Debug|Any CPU
		{E6E050B6-0514-4016-85D4-971DCEFB441B}.Debug|Any CPU.Build.0 = Debug|Any CPU
		{E6E050B6-0514-4016-85D4-971DCEFB441B}.Debug|Mixed Platforms.ActiveCfg = Debug|Any CPU
		{E6E050B6-0514-4016-85D4-971DCEFB441B}.Debug|Mixed Platforms.Build.0 = Debug|Any CPU
		{E6E050B6-0514-4016-85D4-971DCEFB441B}.Debug|x86.ActiveCfg = Debug|Any CPU
		{E6E050B6-0514-4016-85D4-971DCEFB441B}.Release|Any CPU.ActiveCfg = Release|Any CPU
		{E6E050B6-0514-4016-85D4-971DCEFB441B}.Release|Any CPU.Build.0 = Release|Any CPU
		{E6E050B6-0514-4016-85D4-971DCEFB441B}.Release|Mixed Platforms.ActiveCfg = Release|Any CPU
		{E6E050B6-0514-4016-85D4-971DCEFB441B}.Release|Mixed Platforms.Build.0 = Release|Any CPU
		{E6E050B6-0514-4016-85D4-971DCEFB441B}.Release|x86.ActiveCfg = Release|Any CPU
		{6943A9CB-AF15-49A6-A03C-24DFD2F79F5E}.Debug|Any CPU.ActiveCfg = Debug|Any CPU
		{6943A9CB-AF15-49A6-A03C-24DFD2F79F5E}.Debug|Any CPU.Build.0 = Debug|Any CPU
		{6943A9CB-AF15-49A6-A03C-24DFD2F79F5E}.Debug|Mixed Platforms.ActiveCfg = Debug|Any CPU
		{6943A9CB-AF15-49A6-A03C-24DFD2F79F5E}.Debug|Mixed Platforms.Build.0 = Debug|Any CPU
		{6943A9CB-AF15-49A6-A03C-24DFD2F79F5E}.Debug|x86.ActiveCfg = Debug|Any CPU
		{6943A9CB-AF15-49A6-A03C-24DFD2F79F5E}.Release|Any CPU.ActiveCfg = Release|Any CPU
		{6943A9CB-AF15-49A6-A03C-24DFD2F79F5E}.Release|Any CPU.Build.0 = Release|Any CPU
		{6943A9CB-AF15-49A6-A03C-24DFD2F79F5E}.Release|Mixed Platforms.ActiveCfg = Release|Any CPU
		{6943A9CB-AF15-49A6-A03C-24DFD2F79F5E}.Release|Mixed Platforms.Build.0 = Release|Any CPU
		{6943A9CB-AF15-49A6-A03C-24DFD2F79F5E}.Release|x86.ActiveCfg = Release|Any CPU
	EndGlobalSection
	GlobalSection(SolutionProperties) = preSolution
		HideSolutionNode = FALSE
	EndGlobalSection
EndGlobal
