
Microsoft Visual Studio Solution File, Format Version 9.00
# Visual Studio 2005
Project("{E24C65DC-7377-472B-9ABA-BC803B73C61A}") = "C:\...\gsa-simulator\", ".", "{C3F9DB8F-BF5B-4139-BD05-D74A63CCDB7A}"
	ProjectSection(WebsiteProperties) = preProject
		Debug.AspNetCompiler.VirtualPath = "/gsa-simulator"
		Debug.AspNetCompiler.PhysicalPath = "..\gsa-simulator\"
		Debug.AspNetCompiler.TargetPath = "PrecompiledWeb\gsa-simulator\"
		Debug.AspNetCompiler.Updateable = "true"
		Debug.AspNetCompiler.ForceOverwrite = "true"
		Debug.AspNetCompiler.FixedNames = "false"
		Debug.AspNetCompiler.Debug = "True"
		Release.AspNetCompiler.VirtualPath = "/gsa-simulator"
		Release.AspNetCompiler.PhysicalPath = "..\gsa-simulator\"
		Release.AspNetCompiler.TargetPath = "PrecompiledWeb\gsa-simulator\"
		Release.AspNetCompiler.Updateable = "true"
		Release.AspNetCompiler.ForceOverwrite = "true"
		Release.AspNetCompiler.FixedNames = "false"
		Release.AspNetCompiler.Debug = "False"
		VWDPort = "2903"
	EndProjectSection
EndProject
Global
	GlobalSection(SolutionConfigurationPlatforms) = preSolution
		Debug|.NET = Debug|.NET
	EndGlobalSection
	GlobalSection(ProjectConfigurationPlatforms) = postSolution
		{C3F9DB8F-BF5B-4139-BD05-D74A63CCDB7A}.Debug|.NET.ActiveCfg = Debug|.NET
		{C3F9DB8F-BF5B-4139-BD05-D74A63CCDB7A}.Debug|.NET.Build.0 = Debug|.NET
	EndGlobalSection
	GlobalSection(SolutionProperties) = preSolution
		HideSolutionNode = FALSE
	EndGlobalSection
EndGlobal
